
Microsoft Visual Studio Solution File, Format Version 12.00
# Visual Studio 15
VisualStudioVersion = 15.0.28307.1321
MinimumVisualStudioVersion = 10.0.40219.1
Project("{FAE04EC0-301F-11D3-BF4B-00C04F79EFBC}") = "WebFormularKalender", "WebFormularKalender\WebFormularKalender.csproj", "{24241ADF-17FE-4FD0-96AF-69C7AF62D7B0}"
EndProject
Global
	GlobalSection(SolutionConfigurationPlatforms) = preSolution
		Debug|Any CPU = Debug|Any CPU
		Release|Any CPU = Release|Any CPU
	EndGlobalSection
	GlobalSection(ProjectConfigurationPlatforms) = postSolution
		{24241ADF-17FE-4FD0-96AF-69C7AF62D7B0}.Debug|Any CPU.ActiveCfg = Debug|Any CPU
		{24241ADF-17FE-4FD0-96AF-69C7AF62D7B0}.Debug|Any CPU.Build.0 = Debug|Any CPU
		{24241ADF-17FE-4FD0-96AF-69C7AF62D7B0}.Release|Any CPU.ActiveCfg = Release|Any CPU
		{24241ADF-17FE-4FD0-96AF-69C7AF62D7B0}.Release|Any CPU.Build.0 = Release|Any CPU
	EndGlobalSection
	GlobalSection(SolutionProperties) = preSolution
		HideSolutionNode = FALSE
	EndGlobalSection
	GlobalSection(ExtensibilityGlobals) = postSolution
		SolutionGuid = {B5E233C9-2A0A-4B36-B7CB-7D484D00006C}
	EndGlobalSection
EndGlobal
